// !$*UTF8*$!
{
	archiveVersion = 1;
	classes = {
	};
	objectVersion = 50;
	objects = {

/* Begin PBXBuildFile section */
		380F5FCB2412166F00E29078 /* AppDelegate.swift in Sources */ = {isa = PBXBuildFile; fileRef = 380F5FCA2412166F00E29078 /* AppDelegate.swift */; };
		380F5FCD2412166F00E29078 /* SceneDelegate.swift in Sources */ = {isa = PBXBuildFile; fileRef = 380F5FCC2412166F00E29078 /* SceneDelegate.swift */; };
		380F5FD02412166F00E29078 /* jojoNomic.xcdatamodeld in Sources */ = {isa = PBXBuildFile; fileRef = 380F5FCE2412166F00E29078 /* jojoNomic.xcdatamodeld */; };
		380F5FD22412166F00E29078 /* ContentView.swift in Sources */ = {isa = PBXBuildFile; fileRef = 380F5FD12412166F00E29078 /* ContentView.swift */; };
		380F5FD42412167300E29078 /* Assets.xcassets in Resources */ = {isa = PBXBuildFile; fileRef = 380F5FD32412167300E29078 /* Assets.xcassets */; };
		380F5FD72412167300E29078 /* Preview Assets.xcassets in Resources */ = {isa = PBXBuildFile; fileRef = 380F5FD62412167300E29078 /* Preview Assets.xcassets */; };
		380F5FDA2412167300E29078 /* LaunchScreen.storyboard in Resources */ = {isa = PBXBuildFile; fileRef = 380F5FD82412167300E29078 /* LaunchScreen.storyboard */; };
		380F5FE52412167300E29078 /* jojoNomicTests.swift in Sources */ = {isa = PBXBuildFile; fileRef = 380F5FE42412167300E29078 /* jojoNomicTests.swift */; };
		380F5FF02412167300E29078 /* jojoNomicUITests.swift in Sources */ = {isa = PBXBuildFile; fileRef = 380F5FEF2412167300E29078 /* jojoNomicUITests.swift */; };
		380F60052412277500E29078 /* Weather.swift in Sources */ = {isa = PBXBuildFile; fileRef = 380F60042412277500E29078 /* Weather.swift */; };
		380F604E24127B1700E29078 /* UserLocation.swift in Sources */ = {isa = PBXBuildFile; fileRef = 380F604D24127B1700E29078 /* UserLocation.swift */; };
/* End PBXBuildFile section */

/* Begin PBXContainerItemProxy section */
		380F5FE12412167300E29078 /* PBXContainerItemProxy */ = {
			isa = PBXContainerItemProxy;
			containerPortal = 380F5FBF2412166F00E29078 /* Project object */;
			proxyType = 1;
			remoteGlobalIDString = 380F5FC62412166F00E29078;
			remoteInfo = jojoNomic;
		};
		380F5FEC2412167300E29078 /* PBXContainerItemProxy */ = {
			isa = PBXContainerItemProxy;
			containerPortal = 380F5FBF2412166F00E29078 /* Project object */;
			proxyType = 1;
			remoteGlobalIDString = 380F5FC62412166F00E29078;
			remoteInfo = jojoNomic;
		};
/* End PBXContainerItemProxy section */

/* Begin PBXFileReference section */
		380F5FC72412166F00E29078 /* jojoNomic.app */ = {isa = PBXFileReference; explicitFileType = wrapper.application; includeInIndex = 0; path = jojoNomic.app; sourceTree = BUILT_PRODUCTS_DIR; };
		380F5FCA2412166F00E29078 /* AppDelegate.swift */ = {isa = PBXFileReference; lastKnownFileType = sourcecode.swift; path = AppDelegate.swift; sourceTree = "<group>"; };
		380F5FCC2412166F00E29078 /* SceneDelegate.swift */ = {isa = PBXFileReference; lastKnownFileType = sourcecode.swift; path = SceneDelegate.swift; sourceTree = "<group>"; };
		380F5FCF2412166F00E29078 /* jojoNomic.xcdatamodel */ = {isa = PBXFileReference; lastKnownFileType = wrapper.xcdatamodel; path = jojoNomic.xcdatamodel; sourceTree = "<group>"; };
		380F5FD12412166F00E29078 /* ContentView.swift */ = {isa = PBXFileReference; lastKnownFileType = sourcecode.swift; path = ContentView.swift; sourceTree = "<group>"; };
		380F5FD32412167300E29078 /* Assets.xcassets */ = {isa = PBXFileReference; lastKnownFileType = folder.assetcatalog; path = Assets.xcassets; sourceTree = "<group>"; };
		380F5FD62412167300E29078 /* Preview Assets.xcassets */ = {isa = PBXFileReference; lastKnownFileType = folder.assetcatalog; path = "Preview Assets.xcassets"; sourceTree = "<group>"; };
		380F5FD92412167300E29078 /* Base */ = {isa = PBXFileReference; lastKnownFileType = file.storyboard; name = Base; path = Base.lproj/LaunchScreen.storyboard; sourceTree = "<group>"; };
		380F5FDB2412167300E29078 /* Info.plist */ = {isa = PBXFileReference; lastKnownFileType = text.plist.xml; path = Info.plist; sourceTree = "<group>"; };
		380F5FE02412167300E29078 /* jojoNomicTests.xctest */ = {isa = PBXFileReference; explicitFileType = wrapper.cfbundle; includeInIndex = 0; path = jojoNomicTests.xctest; sourceTree = BUILT_PRODUCTS_DIR; };
		380F5FE42412167300E29078 /* jojoNomicTests.swift */ = {isa = PBXFileReference; lastKnownFileType = sourcecode.swift; path = jojoNomicTests.swift; sourceTree = "<group>"; };
		380F5FE62412167300E29078 /* Info.plist */ = {isa = PBXFileReference; lastKnownFileType = text.plist.xml; path = Info.plist; sourceTree = "<group>"; };
		380F5FEB2412167300E29078 /* jojoNomicUITests.xctest */ = {isa = PBXFileReference; explicitFileType = wrapper.cfbundle; includeInIndex = 0; path = jojoNomicUITests.xctest; sourceTree = BUILT_PRODUCTS_DIR; };
		380F5FEF2412167300E29078 /* jojoNomicUITests.swift */ = {isa = PBXFileReference; lastKnownFileType = sourcecode.swift; path = jojoNomicUITests.swift; sourceTree = "<group>"; };
		380F5FF12412167300E29078 /* Info.plist */ = {isa = PBXFileReference; lastKnownFileType = text.plist.xml; path = Info.plist; sourceTree = "<group>"; };
		380F60042412277500E29078 /* Weather.swift */ = {isa = PBXFileReference; lastKnownFileType = sourcecode.swift; path = Weather.swift; sourceTree = "<group>"; };
		380F604D24127B1700E29078 /* UserLocation.swift */ = {isa = PBXFileReference; fileEncoding = 4; lastKnownFileType = sourcecode.swift; path = UserLocation.swift; sourceTree = "<group>"; };
/* End PBXFileReference section */

/* Begin PBXFrameworksBuildPhase section */
		380F5FC42412166F00E29078 /* Frameworks */ = {
			isa = PBXFrameworksBuildPhase;
			buildActionMask = 2147483647;
			files = (
			);
			runOnlyForDeploymentPostprocessing = 0;
		};
		380F5FDD2412167300E29078 /* Frameworks */ = {
			isa = PBXFrameworksBuildPhase;
			buildActionMask = 2147483647;
			files = (
			);
			runOnlyForDeploymentPostprocessing = 0;
		};
		380F5FE82412167300E29078 /* Frameworks */ = {
			isa = PBXFrameworksBuildPhase;
			buildActionMask = 2147483647;
			files = (
			);
			runOnlyForDeploymentPostprocessing = 0;
		};
/* End PBXFrameworksBuildPhase section */

/* Begin PBXGroup section */
		380F5FBE2412166F00E29078 = {
			isa = PBXGroup;
			children = (
				380F5FC92412166F00E29078 /* jojoNomic */,
				380F5FE32412167300E29078 /* jojoNomicTests */,
				380F5FEE2412167300E29078 /* jojoNomicUITests */,
				380F5FC82412166F00E29078 /* Products */,
			);
			sourceTree = "<group>";
		};
		380F5FC82412166F00E29078 /* Products */ = {
			isa = PBXGroup;
			children = (
				380F5FC72412166F00E29078 /* jojoNomic.app */,
				380F5FE02412167300E29078 /* jojoNomicTests.xctest */,
				380F5FEB2412167300E29078 /* jojoNomicUITests.xctest */,
			);
			name = Products;
			sourceTree = "<group>";
		};
		380F5FC92412166F00E29078 /* jojoNomic */ = {
			isa = PBXGroup;
			children = (
				380F5FCA2412166F00E29078 /* AppDelegate.swift */,
				380F5FCC2412166F00E29078 /* SceneDelegate.swift */,
				380F604D24127B1700E29078 /* UserLocation.swift */,
				380F60042412277500E29078 /* Weather.swift */,
				380F5FD12412166F00E29078 /* ContentView.swift */,
				380F5FD32412167300E29078 /* Assets.xcassets */,
				380F5FD82412167300E29078 /* LaunchScreen.storyboard */,
				380F5FDB2412167300E29078 /* Info.plist */,
				380F5FCE2412166F00E29078 /* jojoNomic.xcdatamodeld */,
				380F5FD52412167300E29078 /* Preview Content */,
			);
			path = jojoNomic;
			sourceTree = "<group>";
		};
		380F5FD52412167300E29078 /* Preview Content */ = {
			isa = PBXGroup;
			children = (
				380F5FD62412167300E29078 /* Preview Assets.xcassets */,
			);
			path = "Preview Content";
			sourceTree = "<group>";
		};
		380F5FE32412167300E29078 /* jojoNomicTests */ = {
			isa = PBXGroup;
			children = (
				380F5FE42412167300E29078 /* jojoNomicTests.swift */,
				380F5FE62412167300E29078 /* Info.plist */,
			);
			path = jojoNomicTests;
			sourceTree = "<group>";
		};
		380F5FEE2412167300E29078 /* jojoNomicUITests */ = {
			isa = PBXGroup;
			children = (
				380F5FEF2412167300E29078 /* jojoNomicUITests.swift */,
				380F5FF12412167300E29078 /* Info.plist */,
			);
			path = jojoNomicUITests;
			sourceTree = "<group>";
		};
/* End PBXGroup section */

/* Begin PBXNativeTarget section */
		380F5FC62412166F00E29078 /* jojoNomic */ = {
			isa = PBXNativeTarget;
			buildConfigurationList = 380F5FF42412167300E29078 /* Build configuration list for PBXNativeTarget "jojoNomic" */;
			buildPhases = (
				380F5FC32412166F00E29078 /* Sources */,
				380F5FC42412166F00E29078 /* Frameworks */,
				380F5FC52412166F00E29078 /* Resources */,
			);
			buildRules = (
			);
			dependencies = (
			);
			name = jojoNomic;
			productName = jojoNomic;
			productReference = 380F5FC72412166F00E29078 /* jojoNomic.app */;
			productType = "com.apple.product-type.application";
		};
		380F5FDF2412167300E29078 /* jojoNomicTests */ = {
			isa = PBXNativeTarget;
			buildConfigurationList = 380F5FF72412167300E29078 /* Build configuration list for PBXNativeTarget "jojoNomicTests" */;
			buildPhases = (
				380F5FDC2412167300E29078 /* Sources */,
				380F5FDD2412167300E29078 /* Frameworks */,
				380F5FDE2412167300E29078 /* Resources */,
			);
			buildRules = (
			);
			dependencies = (
				380F5FE22412167300E29078 /* PBXTargetDependency */,
			);
			name = jojoNomicTests;
			productName = jojoNomicTests;
			productReference = 380F5FE02412167300E29078 /* jojoNomicTests.xctest */;
			productType = "com.apple.product-type.bundle.unit-test";
		};
		380F5FEA2412167300E29078 /* jojoNomicUITests */ = {
			isa = PBXNativeTarget;
			buildConfigurationList = 380F5FFA2412167300E29078 /* Build configuration list for PBXNativeTarget "jojoNomicUITests" */;
			buildPhases = (
				380F5FE72412167300E29078 /* Sources */,
				380F5FE82412167300E29078 /* Frameworks */,
				380F5FE92412167300E29078 /* Resources */,
			);
			buildRules = (
			);
			dependencies = (
				380F5FED2412167300E29078 /* PBXTargetDependency */,
			);
			name = jojoNomicUITests;
			productName = jojoNomicUITests;
			productReference = 380F5FEB2412167300E29078 /* jojoNomicUITests.xctest */;
			productType = "com.apple.product-type.bundle.ui-testing";
		};
/* End PBXNativeTarget section */

/* Begin PBXProject section */
		380F5FBF2412166F00E29078 /* Project object */ = {
			isa = PBXProject;
			attributes = {
				LastSwiftUpdateCheck = 1130;
				LastUpgradeCheck = 1130;
				ORGANIZATIONNAME = ReynardVincent;
				TargetAttributes = {
					380F5FC62412166F00E29078 = {
						CreatedOnToolsVersion = 11.3.1;
					};
					380F5FDF2412167300E29078 = {
						CreatedOnToolsVersion = 11.3.1;
						TestTargetID = 380F5FC62412166F00E29078;
					};
					380F5FEA2412167300E29078 = {
						CreatedOnToolsVersion = 11.3.1;
						TestTargetID = 380F5FC62412166F00E29078;
					};
				};
			};
			buildConfigurationList = 380F5FC22412166F00E29078 /* Build configuration list for PBXProject "jojoNomic" */;
			compatibilityVersion = "Xcode 9.3";
			developmentRegion = en;
			hasScannedForEncodings = 0;
			knownRegions = (
				en,
				Base,
			);
			mainGroup = 380F5FBE2412166F00E29078;
			productRefGroup = 380F5FC82412166F00E29078 /* Products */;
			projectDirPath = "";
			projectRoot = "";
			targets = (
				380F5FC62412166F00E29078 /* jojoNomic */,
				380F5FDF2412167300E29078 /* jojoNomicTests */,
				380F5FEA2412167300E29078 /* jojoNomicUITests */,
			);
		};
/* End PBXProject section */

/* Begin PBXResourcesBuildPhase section */
		380F5FC52412166F00E29078 /* Resources */ = {
			isa = PBXResourcesBuildPhase;
			buildActionMask = 2147483647;
			files = (
				380F5FDA2412167300E29078 /* LaunchScreen.storyboard in Resources */,
				380F5FD72412167300E29078 /* Preview Assets.xcassets in Resources */,
				380F5FD42412167300E29078 /* Assets.xcassets in Resources */,
			);
			runOnlyForDeploymentPostprocessing = 0;
		};
		380F5FDE2412167300E29078 /* Resources */ = {
			isa = PBXResourcesBuildPhase;
			buildActionMask = 2147483647;
			files = (
			);
			runOnlyForDeploymentPostprocessing = 0;
		};
		380F5FE92412167300E29078 /* Resources */ = {
			isa = PBXResourcesBuildPhase;
			buildActionMask = 2147483647;
			files = (
			);
			runOnlyForDeploymentPostprocessing = 0;
		};
/* End PBXResourcesBuildPhase section */

/* Begin PBXSourcesBuildPhase section */
		380F5FC32412166F00E29078 /* Sources */ = {
			isa = PBXSourcesBuildPhase;
			buildActionMask = 2147483647;
			files = (
				380F5FD02412166F00E29078 /* jojoNomic.xcdatamodeld in Sources */,
				380F5FCB2412166F00E29078 /* AppDelegate.swift in Sources */,
				380F5FD22412166F00E29078 /* ContentView.swift in Sources */,
				380F604E24127B1700E29078 /* UserLocation.swift in Sources */,
				380F5FCD2412166F00E29078 /* SceneDelegate.swift in Sources */,
				380F60052412277500E29078 /* Weather.swift in Sources */,
			);
			runOnlyForDeploymentPostprocessing = 0;
		};
		380F5FDC2412167300E29078 /* Sources */ = {
			isa = PBXSourcesBuildPhase;
			buildActionMask = 2147483647;
			files = (
				380F5FE52412167300E29078 /* jojoNomicTests.swift in Sources */,
			);
			runOnlyForDeploymentPostprocessing = 0;
		};
		380F5FE72412167300E29078 /* Sources */ = {
			isa = PBXSourcesBuildPhase;
			buildActionMask = 2147483647;
			files = (
				380F5FF02412167300E29078 /* jojoNomicUITests.swift in Sources */,
			);
			runOnlyForDeploymentPostprocessing = 0;
		};
/* End PBXSourcesBuildPhase section */

/* Begin PBXTargetDependency section */
		380F5FE22412167300E29078 /* PBXTargetDependency */ = {
			isa = PBXTargetDependency;
			target = 380F5FC62412166F00E29078 /* jojoNomic */;
			targetProxy = 380F5FE12412167300E29078 /* PBXContainerItemProxy */;
		};
		380F5FED2412167300E29078 /* PBXTargetDependency */ = {
			isa = PBXTargetDependency;
			target = 380F5FC62412166F00E29078 /* jojoNomic */;
			targetProxy = 380F5FEC2412167300E29078 /* PBXContainerItemProxy */;
		};
/* End PBXTargetDependency section */

/* Begin PBXVariantGroup section */
		380F5FD82412167300E29078 /* LaunchScreen.storyboard */ = {
			isa = PBXVariantGroup;
			children = (
				380F5FD92412167300E29078 /* Base */,
			);
			name = LaunchScreen.storyboard;
			sourceTree = "<group>";
		};
/* End PBXVariantGroup section */

/* Begin XCBuildConfiguration section */
		380F5FF22412167300E29078 /* Debug */ = {
			isa = XCBuildConfiguration;
			buildSettings = {
				ALWAYS_SEARCH_USER_PATHS = NO;
				CLANG_ANALYZER_NONNULL = YES;
				CLANG_ANALYZER_NUMBER_OBJECT_CONVERSION = YES_AGGRESSIVE;
				CLANG_CXX_LANGUAGE_STANDARD = "gnu++14";
				CLANG_CXX_LIBRARY = "libc++";
				CLANG_ENABLE_MODULES = YES;
				CLANG_ENABLE_OBJC_ARC = YES;
				CLANG_ENABLE_OBJC_WEAK = YES;
				CLANG_WARN_BLOCK_CAPTURE_AUTORELEASING = YES;
				CLANG_WARN_BOOL_CONVERSION = YES;
				CLANG_WARN_COMMA = YES;
				CLANG_WARN_CONSTANT_CONVERSION = YES;
				CLANG_WARN_DEPRECATED_OBJC_IMPLEMENTATIONS = YES;
				CLANG_WARN_DIRECT_OBJC_ISA_USAGE = YES_ERROR;
				CLANG_WARN_DOCUMENTATION_COMMENTS = YES;
				CLANG_WARN_EMPTY_BODY = YES;
				CLANG_WARN_ENUM_CONVERSION = YES;
				CLANG_WARN_INFINITE_RECURSION = YES;
				CLANG_WARN_INT_CONVERSION = YES;
				CLANG_WARN_NON_LITERAL_NULL_CONVERSION = YES;
				CLANG_WARN_OBJC_IMPLICIT_RETAIN_SELF = YES;
				CLANG_WARN_OBJC_LITERAL_CONVERSION = YES;
				CLANG_WARN_OBJC_ROOT_CLASS = YES_ERROR;
				CLANG_WARN_RANGE_LOOP_ANALYSIS = YES;
				CLANG_WARN_STRICT_PROTOTYPES = YES;
				CLANG_WARN_SUSPICIOUS_MOVE = YES;
				CLANG_WARN_UNGUARDED_AVAILABILITY = YES_AGGRESSIVE;
				CLANG_WARN_UNREACHABLE_CODE = YES;
				CLANG_WARN__DUPLICATE_METHOD_MATCH = YES;
				COPY_PHASE_STRIP = NO;
				DEBUG_INFORMATION_FORMAT = dwarf;
				ENABLE_STRICT_OBJC_MSGSEND = YES;
				ENABLE_TESTABILITY = YES;
				GCC_C_LANGUAGE_STANDARD = gnu11;
				GCC_DYNAMIC_NO_PIC = NO;
				GCC_NO_COMMON_BLOCKS = YES;
				GCC_OPTIMIZATION_LEVEL = 0;
				GCC_PREPROCESSOR_DEFINITIONS = (
					"DEBUG=1",
					"$(inherited)",
				);
				GCC_WARN_64_TO_32_BIT_CONVERSION = YES;
				GCC_WARN_ABOUT_RETURN_TYPE = YES_ERROR;
				GCC_WARN_UNDECLARED_SELECTOR = YES;
				GCC_WARN_UNINITIALIZED_AUTOS = YES_AGGRESSIVE;
				GCC_WARN_UNUSED_FUNCTION = YES;
				GCC_WARN_UNUSED_VARIABLE = YES;
				IPHONEOS_DEPLOYMENT_TARGET = 13.2;
				MTL_ENABLE_DEBUG_INFO = INCLUDE_SOURCE;
				MTL_FAST_MATH = YES;
				ONLY_ACTIVE_ARCH = YES;
				SDKROOT = iphoneos;
				SWIFT_ACTIVE_COMPILATION_CONDITIONS = DEBUG;
				SWIFT_OPTIMIZATION_LEVEL = "-Onone";
			};
			name = Debug;
		};
		380F5FF32412167300E29078 /* Release */ = {
			isa = XCBuildConfiguration;
			buildSettings = {
				ALWAYS_SEARCH_USER_PATHS = NO;
				CLANG_ANALYZER_NONNULL = YES;
				CLANG_ANALYZER_NUMBER_OBJECT_CONVERSION = YES_AGGRESSIVE;
				CLANG_CXX_LANGUAGE_STANDARD = "gnu++14";
				CLANG_CXX_LIBRARY = "libc++";
				CLANG_ENABLE_MODULES = YES;
				CLANG_ENABLE_OBJC_ARC = YES;
				CLANG_ENABLE_OBJC_WEAK = YES;
				CLANG_WARN_BLOCK_CAPTURE_AUTORELEASING = YES;
				CLANG_WARN_BOOL_CONVERSION = YES;
				CLANG_WARN_COMMA = YES;
				CLANG_WARN_CONSTANT_CONVERSION = YES;
				CLANG_WARN_DEPRECATED_OBJC_IMPLEMENTATIONS = YES;
				CLANG_WARN_DIRECT_OBJC_ISA_USAGE = YES_ERROR;
				CLANG_WARN_DOCUMENTATION_COMMENTS = YES;
				CLANG_WARN_EMPTY_BODY = YES;
				CLANG_WARN_ENUM_CONVERSION = YES;
				CLANG_WARN_INFINITE_RECURSION = YES;
				CLANG_WARN_INT_CONVERSION = YES;
				CLANG_WARN_NON_LITERAL_NULL_CONVERSION = YES;
				CLANG_WARN_OBJC_IMPLICIT_RETAIN_SELF = YES;
				CLANG_WARN_OBJC_LITERAL_CONVERSION = YES;
				CLANG_WARN_OBJC_ROOT_CLASS = YES_ERROR;
				CLANG_WARN_RANGE_LOOP_ANALYSIS = YES;
				CLANG_WARN_STRICT_PROTOTYPES = YES;
				CLANG_WARN_SUSPICIOUS_MOVE = YES;
				CLANG_WARN_UNGUARDED_AVAILABILITY = YES_AGGRESSIVE;
				CLANG_WARN_UNREACHABLE_CODE = YES;
				CLANG_WARN__DUPLICATE_METHOD_MATCH = YES;
				COPY_PHASE_STRIP = NO;
				DEBUG_INFORMATION_FORMAT = "dwarf-with-dsym";
				ENABLE_NS_ASSERTIONS = NO;
				ENABLE_STRICT_OBJC_MSGSEND = YES;
				GCC_C_LANGUAGE_STANDARD = gnu11;
				GCC_NO_COMMON_BLOCKS = YES;
				GCC_WARN_64_TO_32_BIT_CONVERSION = YES;
				GCC_WARN_ABOUT_RETURN_TYPE = YES_ERROR;
				GCC_WARN_UNDECLARED_SELECTOR = YES;
				GCC_WARN_UNINITIALIZED_AUTOS = YES_AGGRESSIVE;
				GCC_WARN_UNUSED_FUNCTION = YES;
				GCC_WARN_UNUSED_VARIABLE = YES;
				IPHONEOS_DEPLOYMENT_TARGET = 13.2;
				MTL_ENABLE_DEBUG_INFO = NO;
				MTL_FAST_MATH = YES;
				SDKROOT = iphoneos;
				SWIFT_COMPILATION_MODE = wholemodule;
				SWIFT_OPTIMIZATION_LEVEL = "-O";
				VALIDATE_PRODUCT = YES;
			};
			name = Release;
		};
		380F5FF52412167300E29078 /* Debug */ = {
			isa = XCBuildConfiguration;
			buildSettings = {
				ASSETCATALOG_COMPILER_APPICON_NAME = AppIcon;
				CODE_SIGN_STYLE = Automatic;
				DEVELOPMENT_ASSET_PATHS = "\"jojoNomic/Preview Content\"";
				DEVELOPMENT_TEAM = D5CDVN7549;
				ENABLE_PREVIEWS = YES;
				INFOPLIST_FILE = jojoNomic/Info.plist;
				LD_RUNPATH_SEARCH_PATHS = (
					"$(inherited)",
					"@executable_path/Frameworks",
				);
				PRODUCT_BUNDLE_IDENTIFIER = ReynardVincent.jojoNomic;
				PRODUCT_NAME = "$(TARGET_NAME)";
				SWIFT_VERSION = 5.0;
				TARGETED_DEVICE_FAMILY = "1,2";
			};
			name = Debug;
		};
		380F5FF62412167300E29078 /* Release */ = {
			isa = XCBuildConfiguration;
			buildSettings = {
				ASSETCATALOG_COMPILER_APPICON_NAME = AppIcon;
				CODE_SIGN_STYLE = Automatic;
				DEVELOPMENT_ASSET_PATHS = "\"jojoNomic/Preview Content\"";
				DEVELOPMENT_TEAM = D5CDVN7549;
				ENABLE_PREVIEWS = YES;
				INFOPLIST_FILE = jojoNomic/Info.plist;
				LD_RUNPATH_SEARCH_PATHS = (
					"$(inherited)",
					"@executable_path/Frameworks",
				);
				PRODUCT_BUNDLE_IDENTIFIER = ReynardVincent.jojoNomic;
				PRODUCT_NAME = "$(TARGET_NAME)";
				SWIFT_VERSION = 5.0;
				TARGETED_DEVICE_FAMILY = "1,2";
			};
			name = Release;
		};
		380F5FF82412167300E29078 /* Debug */ = {
			isa = XCBuildConfiguration;
			buildSettings = {
				ALWAYS_EMBED_SWIFT_STANDARD_LIBRARIES = YES;
				BUNDLE_LOADER = "$(TEST_HOST)";
				CODE_SIGN_STYLE = Automatic;
				DEVELOPMENT_TEAM = D5CDVN7549;
				INFOPLIST_FILE = jojoNomicTests/Info.plist;
				IPHONEOS_DEPLOYMENT_TARGET = 13.2;
				LD_RUNPATH_SEARCH_PATHS = (
					"$(inherited)",
					"@executable_path/Frameworks",
					"@loader_path/Frameworks",
				);
				PRODUCT_BUNDLE_IDENTIFIER = ReynardVincent.jojoNomicTests;
				PRODUCT_NAME = "$(TARGET_NAME)";
				SWIFT_VERSION = 5.0;
				TARGETED_DEVICE_FAMILY = "1,2";
				TEST_HOST = "$(BUILT_PRODUCTS_DIR)/jojoNomic.app/jojoNomic";
			};
			name = Debug;
		};
		380F5FF92412167300E29078 /* Release */ = {
			isa = XCBuildConfiguration;
			buildSettings = {
				ALWAYS_EMBED_SWIFT_STANDARD_LIBRARIES = YES;
				BUNDLE_LOADER = "$(TEST_HOST)";
				CODE_SIGN_STYLE = Automatic;
				DEVELOPMENT_TEAM = D5CDVN7549;
				INFOPLIST_FILE = jojoNomicTests/Info.plist;
				IPHONEOS_DEPLOYMENT_TARGET = 13.2;
				LD_RUNPATH_SEARCH_PATHS = (
					"$(inherited)",
					"@executable_path/Frameworks",
					"@loader_path/Frameworks",
				);
				PRODUCT_BUNDLE_IDENTIFIER = ReynardVincent.jojoNomicTests;
				PRODUCT_NAME = "$(TARGET_NAME)";
				SWIFT_VERSION = 5.0;
				TARGETED_DEVICE_FAMILY = "1,2";
				TEST_HOST = "$(BUILT_PRODUCTS_DIR)/jojoNomic.app/jojoNomic";
			};
			name = Release;
		};
		380F5FFB2412167300E29078 /* Debug */ = {
			isa = XCBuildConfiguration;
			buildSettings = {
				ALWAYS_EMBED_SWIFT_STANDARD_LIBRARIES = YES;
				CODE_SIGN_STYLE = Automatic;
				DEVELOPMENT_TEAM = D5CDVN7549;
				INFOPLIST_FILE = jojoNomicUITests/Info.plist;
				LD_RUNPATH_SEARCH_PATHS = (
					"$(inherited)",
					"@executable_path/Frameworks",
					"@loader_path/Frameworks",
				);
				PRODUCT_BUNDLE_IDENTIFIER = ReynardVincent.jojoNomicUITests;
				PRODUCT_NAME = "$(TARGET_NAME)";
				SWIFT_VERSION = 5.0;
				TARGETED_DEVICE_FAMILY = "1,2";
				TEST_TARGET_NAME = jojoNomic;
			};
			name = Debug;
		};
		380F5FFC2412167300E29078 /* Release */ = {
			isa = XCBuildConfiguration;
			buildSettings = {
				ALWAYS_EMBED_SWIFT_STANDARD_LIBRARIES = YES;
				CODE_SIGN_STYLE = Automatic;
				DEVELOPMENT_TEAM = D5CDVN7549;
				INFOPLIST_FILE = jojoNomicUITests/Info.plist;
				LD_RUNPATH_SEARCH_PATHS = (
					"$(inherited)",
					"@executable_path/Frameworks",
					"@loader_path/Frameworks",
				);
				PRODUCT_BUNDLE_IDENTIFIER = ReynardVincent.jojoNomicUITests;
				PRODUCT_NAME = "$(TARGET_NAME)";
				SWIFT_VERSION = 5.0;
				TARGETED_DEVICE_FAMILY = "1,2";
				TEST_TARGET_NAME = jojoNomic;
			};
			name = Release;
		};
/* End XCBuildConfiguration section */

/* Begin XCConfigurationList section */
		380F5FC22412166F00E29078 /* Build configuration list for PBXProject "jojoNomic" */ = {
			isa = XCConfigurationList;
			buildConfigurations = (
				380F5FF22412167300E29078 /* Debug */,
				380F5FF32412167300E29078 /* Release */,
			);
			defaultConfigurationIsVisible = 0;
			defaultConfigurationName = Release;
		};
		380F5FF42412167300E29078 /* Build configuration list for PBXNativeTarget "jojoNomic" */ = {
			isa = XCConfigurationList;
			buildConfigurations = (
				380F5FF52412167300E29078 /* Debug */,
				380F5FF62412167300E29078 /* Release */,
			);
			defaultConfigurationIsVisible = 0;
			defaultConfigurationName = Release;
		};
		380F5FF72412167300E29078 /* Build configuration list for PBXNativeTarget "jojoNomicTests" */ = {
			isa = XCConfigurationList;
			buildConfigurations = (
				380F5FF82412167300E29078 /* Debug */,
				380F5FF92412167300E29078 /* Release */,
			);
			defaultConfigurationIsVisible = 0;
			defaultConfigurationName = Release;
		};
		380F5FFA2412167300E29078 /* Build configuration list for PBXNativeTarget "jojoNomicUITests" */ = {
			isa = XCConfigurationList;
			buildConfigurations = (
				380F5FFB2412167300E29078 /* Debug */,
				380F5FFC2412167300E29078 /* Release */,
			);
			defaultConfigurationIsVisible = 0;
			defaultConfigurationName = Release;
		};
/* End XCConfigurationList section */

/* Begin XCVersionGroup section */
		380F5FCE2412166F00E29078 /* jojoNomic.xcdatamodeld */ = {
			isa = XCVersionGroup;
			children = (
				380F5FCF2412166F00E29078 /* jojoNomic.xcdatamodel */,
			);
			currentVersion = 380F5FCF2412166F00E29078 /* jojoNomic.xcdatamodel */;
			path = jojoNomic.xcdatamodeld;
			sourceTree = "<group>";
			versionGroupType = wrapper.xcdatamodel;
		};
/* End XCVersionGroup section */
	};
	rootObject = 380F5FBF2412166F00E29078 /* Project object */;
}
